// !$*UTF8*$!
{
	archiveVersion = 1;
	classes = {
	};
	objectVersion = 51;
	objects = {

/* Begin PBXBuildFile section */
		88498F159EBD3A040918CDF7 /* Pods_Counter_Prac.framework in Frameworks */ = {isa = PBXBuildFile; fileRef = EE178512E5EBC717F931B886 /* Pods_Counter_Prac.framework */; };
		AB786B4B248B50D60089B407 /* CounterView.swift in Sources */ = {isa = PBXBuildFile; fileRef = AB786B4A248B50D60089B407 /* CounterView.swift */; };
		AB786B4D248B62110089B407 /* CounterViewReactor.swift in Sources */ = {isa = PBXBuildFile; fileRef = AB786B4C248B62110089B407 /* CounterViewReactor.swift */; };
		AB786B4F248BFB270089B407 /* CounterViewController.swift in Sources */ = {isa = PBXBuildFile; fileRef = AB786B4E248BFB270089B407 /* CounterViewController.swift */; };
		AB895A06248A1DBA009D6B0C /* AppDelegate.swift in Sources */ = {isa = PBXBuildFile; fileRef = AB895A05248A1DBA009D6B0C /* AppDelegate.swift */; };
		AB895A08248A1DBA009D6B0C /* SceneDelegate.swift in Sources */ = {isa = PBXBuildFile; fileRef = AB895A07248A1DBA009D6B0C /* SceneDelegate.swift */; };
		AB895A0F248A1DBB009D6B0C /* Assets.xcassets in Resources */ = {isa = PBXBuildFile; fileRef = AB895A0E248A1DBB009D6B0C /* Assets.xcassets */; };
/* End PBXBuildFile section */

/* Begin PBXFileReference section */
		1BEBFCCFBF4F4DCD70CC2C10 /* Pods-Counter-Prac.release.xcconfig */ = {isa = PBXFileReference; includeInIndex = 1; lastKnownFileType = text.xcconfig; name = "Pods-Counter-Prac.release.xcconfig"; path = "Target Support Files/Pods-Counter-Prac/Pods-Counter-Prac.release.xcconfig"; sourceTree = "<group>"; };
		2C814E57140746F4668D6C80 /* Pods-Counter-Prac.debug.xcconfig */ = {isa = PBXFileReference; includeInIndex = 1; lastKnownFileType = text.xcconfig; name = "Pods-Counter-Prac.debug.xcconfig"; path = "Target Support Files/Pods-Counter-Prac/Pods-Counter-Prac.debug.xcconfig"; sourceTree = "<group>"; };
		AB786B4A248B50D60089B407 /* CounterView.swift */ = {isa = PBXFileReference; lastKnownFileType = sourcecode.swift; path = CounterView.swift; sourceTree = "<group>"; };
		AB786B4C248B62110089B407 /* CounterViewReactor.swift */ = {isa = PBXFileReference; lastKnownFileType = sourcecode.swift; path = CounterViewReactor.swift; sourceTree = "<group>"; };
		AB786B4E248BFB270089B407 /* CounterViewController.swift */ = {isa = PBXFileReference; lastKnownFileType = sourcecode.swift; path = CounterViewController.swift; sourceTree = "<group>"; };
		AB895A02248A1DBA009D6B0C /* Counter-Prac.app */ = {isa = PBXFileReference; explicitFileType = wrapper.application; includeInIndex = 0; path = "Counter-Prac.app"; sourceTree = BUILT_PRODUCTS_DIR; };
		AB895A05248A1DBA009D6B0C /* AppDelegate.swift */ = {isa = PBXFileReference; lastKnownFileType = sourcecode.swift; path = AppDelegate.swift; sourceTree = "<group>"; };
		AB895A07248A1DBA009D6B0C /* SceneDelegate.swift */ = {isa = PBXFileReference; lastKnownFileType = sourcecode.swift; path = SceneDelegate.swift; sourceTree = "<group>"; };
		AB895A0E248A1DBB009D6B0C /* Assets.xcassets */ = {isa = PBXFileReference; lastKnownFileType = folder.assetcatalog; path = Assets.xcassets; sourceTree = "<group>"; };
		AB895A13248A1DBB009D6B0C /* Info.plist */ = {isa = PBXFileReference; lastKnownFileType = text.plist.xml; path = Info.plist; sourceTree = "<group>"; };
		EE178512E5EBC717F931B886 /* Pods_Counter_Prac.framework */ = {isa = PBXFileReference; explicitFileType = wrapper.framework; includeInIndex = 0; path = Pods_Counter_Prac.framework; sourceTree = BUILT_PRODUCTS_DIR; };
/* End PBXFileReference section */

/* Begin PBXFrameworksBuildPhase section */
		AB8959FF248A1DBA009D6B0C /* Frameworks */ = {
			isa = PBXFrameworksBuildPhase;
			buildActionMask = 2147483647;
			files = (
				88498F159EBD3A040918CDF7 /* Pods_Counter_Prac.framework in Frameworks */,
			);
			runOnlyForDeploymentPostprocessing = 0;
		};
/* End PBXFrameworksBuildPhase section */

/* Begin PBXGroup section */
		1E4133B1F0FA8679E4EA217D /* Frameworks */ = {
			isa = PBXGroup;
			children = (
				EE178512E5EBC717F931B886 /* Pods_Counter_Prac.framework */,
			);
			name = Frameworks;
			sourceTree = "<group>";
		};
		AB8959F9248A1DBA009D6B0C = {
			isa = PBXGroup;
			children = (
				AB895A04248A1DBA009D6B0C /* Counter-Prac */,
				AB895A03248A1DBA009D6B0C /* Products */,
				B5925B145E70BCE292EFEB6C /* Pods */,
				1E4133B1F0FA8679E4EA217D /* Frameworks */,
			);
			sourceTree = "<group>";
		};
		AB895A03248A1DBA009D6B0C /* Products */ = {
			isa = PBXGroup;
			children = (
				AB895A02248A1DBA009D6B0C /* Counter-Prac.app */,
			);
			name = Products;
			sourceTree = "<group>";
		};
		AB895A04248A1DBA009D6B0C /* Counter-Prac */ = {
			isa = PBXGroup;
			children = (
				AB895A05248A1DBA009D6B0C /* AppDelegate.swift */,
				AB895A07248A1DBA009D6B0C /* SceneDelegate.swift */,
				AB895A0E248A1DBB009D6B0C /* Assets.xcassets */,
				AB895A13248A1DBB009D6B0C /* Info.plist */,
				AB786B4A248B50D60089B407 /* CounterView.swift */,
				AB786B4C248B62110089B407 /* CounterViewReactor.swift */,
				AB786B4E248BFB270089B407 /* CounterViewController.swift */,
			);
			path = "Counter-Prac";
			sourceTree = "<group>";
		};
		B5925B145E70BCE292EFEB6C /* Pods */ = {
			isa = PBXGroup;
			children = (
				2C814E57140746F4668D6C80 /* Pods-Counter-Prac.debug.xcconfig */,
				1BEBFCCFBF4F4DCD70CC2C10 /* Pods-Counter-Prac.release.xcconfig */,
			);
			path = Pods;
			sourceTree = "<group>";
		};
/* End PBXGroup section */

/* Begin PBXNativeTarget section */
		AB895A01248A1DBA009D6B0C /* Counter-Prac */ = {
			isa = PBXNativeTarget;
			buildConfigurationList = AB895A16248A1DBB009D6B0C /* Build configuration list for PBXNativeTarget "Counter-Prac" */;
			buildPhases = (
				99AC972996316417DABD905C /* [CP] Check Pods Manifest.lock */,
				AB8959FE248A1DBA009D6B0C /* Sources */,
				AB8959FF248A1DBA009D6B0C /* Frameworks */,
				AB895A00248A1DBA009D6B0C /* Resources */,
				5388F3C26E701FC24D585414 /* [CP] Embed Pods Frameworks */,
			);
			buildRules = (
			);
			dependencies = (
			);
			name = "Counter-Prac";
			productName = "Counter-Prac";
			productReference = AB895A02248A1DBA009D6B0C /* Counter-Prac.app */;
			productType = "com.apple.product-type.application";
		};
/* End PBXNativeTarget section */

/* Begin PBXProject section */
		AB8959FA248A1DBA009D6B0C /* Project object */ = {
			isa = PBXProject;
			attributes = {
				LastSwiftUpdateCheck = 1150;
				LastUpgradeCheck = 1150;
				ORGANIZATIONNAME = swmaestro10th;
				TargetAttributes = {
					AB895A01248A1DBA009D6B0C = {
						CreatedOnToolsVersion = 11.5;
					};
				};
			};
			buildConfigurationList = AB8959FD248A1DBA009D6B0C /* Build configuration list for PBXProject "Counter-Prac" */;
			compatibilityVersion = "Xcode 9.3";
			developmentRegion = en;
			hasScannedForEncodings = 0;
			knownRegions = (
				en,
				Base,
			);
			mainGroup = AB8959F9248A1DBA009D6B0C;
			productRefGroup = AB895A03248A1DBA009D6B0C /* Products */;
			projectDirPath = "";
			projectRoot = "";
			targets = (
				AB895A01248A1DBA009D6B0C /* Counter-Prac */,
			);
		};
/* End PBXProject section */

/* Begin PBXResourcesBuildPhase section */
		AB895A00248A1DBA009D6B0C /* Resources */ = {
			isa = PBXResourcesBuildPhase;
			buildActionMask = 2147483647;
			files = (
				AB895A0F248A1DBB009D6B0C /* Assets.xcassets in Resources */,
			);
			runOnlyForDeploymentPostprocessing = 0;
		};
/* End PBXResourcesBuildPhase section */

/* Begin PBXShellScriptBuildPhase section */
		5388F3C26E701FC24D585414 /* [CP] Embed Pods Frameworks */ = {
			isa = PBXShellScriptBuildPhase;
			buildActionMask = 2147483647;
			files = (
			);
			inputFileListPaths = (
				"${PODS_ROOT}/Target Support Files/Pods-Counter-Prac/Pods-Counter-Prac-frameworks-${CONFIGURATION}-input-files.xcfilelist",
			);
			name = "[CP] Embed Pods Frameworks";
			outputFileListPaths = (
				"${PODS_ROOT}/Target Support Files/Pods-Counter-Prac/Pods-Counter-Prac-frameworks-${CONFIGURATION}-output-files.xcfilelist",
			);
			runOnlyForDeploymentPostprocessing = 0;
			shellPath = /bin/sh;
			shellScript = "\"${PODS_ROOT}/Target Support Files/Pods-Counter-Prac/Pods-Counter-Prac-frameworks.sh\"\n";
			showEnvVarsInLog = 0;
		};
		99AC972996316417DABD905C /* [CP] Check Pods Manifest.lock */ = {
			isa = PBXShellScriptBuildPhase;
			buildActionMask = 2147483647;
			files = (
			);
			inputFileListPaths = (
			);
			inputPaths = (
				"${PODS_PODFILE_DIR_PATH}/Podfile.lock",
				"${PODS_ROOT}/Manifest.lock",
			);
			name = "[CP] Check Pods Manifest.lock";
			outputFileListPaths = (
			);
			outputPaths = (
				"$(DERIVED_FILE_DIR)/Pods-Counter-Prac-checkManifestLockResult.txt",
			);
			runOnlyForDeploymentPostprocessing = 0;
			shellPath = /bin/sh;
			shellScript = "diff \"${PODS_PODFILE_DIR_PATH}/Podfile.lock\" \"${PODS_ROOT}/Manifest.lock\" > /dev/null\nif [ $? != 0 ] ; then\n    # print error to STDERR\n    echo \"error: The sandbox is not in sync with the Podfile.lock. Run 'pod install' or update your CocoaPods installation.\" >&2\n    exit 1\nfi\n# This output is used by Xcode 'outputs' to avoid re-running this script phase.\necho \"SUCCESS\" > \"${SCRIPT_OUTPUT_FILE_0}\"\n";
			showEnvVarsInLog = 0;
		};
/* End PBXShellScriptBuildPhase section */

/* Begin PBXSourcesBuildPhase section */
		AB8959FE248A1DBA009D6B0C /* Sources */ = {
			isa = PBXSourcesBuildPhase;
			buildActionMask = 2147483647;
			files = (
				AB786B4D248B62110089B407 /* CounterViewReactor.swift in Sources */,
				AB895A06248A1DBA009D6B0C /* AppDelegate.swift in Sources */,
				AB786B4F248BFB270089B407 /* CounterViewController.swift in Sources */,
				AB895A08248A1DBA009D6B0C /* SceneDelegate.swift in Sources */,
				AB786B4B248B50D60089B407 /* CounterView.swift in Sources */,
			);
			runOnlyForDeploymentPostprocessing = 0;
		};
/* End PBXSourcesBuildPhase section */

/* Begin XCBuildConfiguration section */
		AB895A14248A1DBB009D6B0C /* Debug */ = {
			isa = XCBuildConfiguration;
			buildSettings = {
				ALWAYS_SEARCH_USER_PATHS = NO;
				CLANG_ANALYZER_NONNULL = YES;
				CLANG_ANALYZER_NUMBER_OBJECT_CONVERSION = YES_AGGRESSIVE;
				CLANG_CXX_LANGUAGE_STANDARD = "gnu++14";
				CLANG_CXX_LIBRARY = "libc++";
				CLANG_ENABLE_MODULES = YES;
				CLANG_ENABLE_OBJC_ARC = YES;
				CLANG_ENABLE_OBJC_WEAK = YES;
				CLANG_WARN_BLOCK_CAPTURE_AUTORELEASING = YES;
				CLANG_WARN_BOOL_CONVERSION = YES;
				CLANG_WARN_COMMA = YES;
				CLANG_WARN_CONSTANT_CONVERSION = YES;
				CLANG_WARN_DEPRECATED_OBJC_IMPLEMENTATIONS = YES;
				CLANG_WARN_DIRECT_OBJC_ISA_USAGE = YES_ERROR;
				CLANG_WARN_DOCUMENTATION_COMMENTS = YES;
				CLANG_WARN_EMPTY_BODY = YES;
				CLANG_WARN_ENUM_CONVERSION = YES;
				CLANG_WARN_INFINITE_RECURSION = YES;
				CLANG_WARN_INT_CONVERSION = YES;
				CLANG_WARN_NON_LITERAL_NULL_CONVERSION = YES;
				CLANG_WARN_OBJC_IMPLICIT_RETAIN_SELF = YES;
				CLANG_WARN_OBJC_LITERAL_CONVERSION = YES;
				CLANG_WARN_OBJC_ROOT_CLASS = YES_ERROR;
				CLANG_WARN_RANGE_LOOP_ANALYSIS = YES;
				CLANG_WARN_STRICT_PROTOTYPES = YES;
				CLANG_WARN_SUSPICIOUS_MOVE = YES;
				CLANG_WARN_UNGUARDED_AVAILABILITY = YES_AGGRESSIVE;
				CLANG_WARN_UNREACHABLE_CODE = YES;
				CLANG_WARN__DUPLICATE_METHOD_MATCH = YES;
				COPY_PHASE_STRIP = NO;
				DEBUG_INFORMATION_FORMAT = dwarf;
				ENABLE_STRICT_OBJC_MSGSEND = YES;
				ENABLE_TESTABILITY = YES;
				GCC_C_LANGUAGE_STANDARD = gnu11;
				GCC_DYNAMIC_NO_PIC = NO;
				GCC_NO_COMMON_BLOCKS = YES;
				GCC_OPTIMIZATION_LEVEL = 0;
				GCC_PREPROCESSOR_DEFINITIONS = (
					"DEBUG=1",
					"$(inherited)",
				);
				GCC_WARN_64_TO_32_BIT_CONVERSION = YES;
				GCC_WARN_ABOUT_RETURN_TYPE = YES_ERROR;
				GCC_WARN_UNDECLARED_SELECTOR = YES;
				GCC_WARN_UNINITIALIZED_AUTOS = YES_AGGRESSIVE;
				GCC_WARN_UNUSED_FUNCTION = YES;
				GCC_WARN_UNUSED_VARIABLE = YES;
				IPHONEOS_DEPLOYMENT_TARGET = 13.5;
				MTL_ENABLE_DEBUG_INFO = INCLUDE_SOURCE;
				MTL_FAST_MATH = YES;
				ONLY_ACTIVE_ARCH = YES;
				SDKROOT = iphoneos;
				SWIFT_ACTIVE_COMPILATION_CONDITIONS = DEBUG;
				SWIFT_OPTIMIZATION_LEVEL = "-Onone";
			};
			name = Debug;
		};
		AB895A15248A1DBB009D6B0C /* Release */ = {
			isa = XCBuildConfiguration;
			buildSettings = {
				ALWAYS_SEARCH_USER_PATHS = NO;
				CLANG_ANALYZER_NONNULL = YES;
				CLANG_ANALYZER_NUMBER_OBJECT_CONVERSION = YES_AGGRESSIVE;
				CLANG_CXX_LANGUAGE_STANDARD = "gnu++14";
				CLANG_CXX_LIBRARY = "libc++";
				CLANG_ENABLE_MODULES = YES;
				CLANG_ENABLE_OBJC_ARC = YES;
				CLANG_ENABLE_OBJC_WEAK = YES;
				CLANG_WARN_BLOCK_CAPTURE_AUTORELEASING = YES;
				CLANG_WARN_BOOL_CONVERSION = YES;
				CLANG_WARN_COMMA = YES;
				CLANG_WARN_CONSTANT_CONVERSION = YES;
				CLANG_WARN_DEPRECATED_OBJC_IMPLEMENTATIONS = YES;
				CLANG_WARN_DIRECT_OBJC_ISA_USAGE = YES_ERROR;
				CLANG_WARN_DOCUMENTATION_COMMENTS = YES;
				CLANG_WARN_EMPTY_BODY = YES;
				CLANG_WARN_ENUM_CONVERSION = YES;
				CLANG_WARN_INFINITE_RECURSION = YES;
				CLANG_WARN_INT_CONVERSION = YES;
				CLANG_WARN_NON_LITERAL_NULL_CONVERSION = YES;
				CLANG_WARN_OBJC_IMPLICIT_RETAIN_SELF = YES;
				CLANG_WARN_OBJC_LITERAL_CONVERSION = YES;
				CLANG_WARN_OBJC_ROOT_CLASS = YES_ERROR;
				CLANG_WARN_RANGE_LOOP_ANALYSIS = YES;
				CLANG_WARN_STRICT_PROTOTYPES = YES;
				CLANG_WARN_SUSPICIOUS_MOVE = YES;
				CLANG_WARN_UNGUARDED_AVAILABILITY = YES_AGGRESSIVE;
				CLANG_WARN_UNREACHABLE_CODE = YES;
				CLANG_WARN__DUPLICATE_METHOD_MATCH = YES;
				COPY_PHASE_STRIP = NO;
				DEBUG_INFORMATION_FORMAT = "dwarf-with-dsym";
				ENABLE_NS_ASSERTIONS = NO;
				ENABLE_STRICT_OBJC_MSGSEND = YES;
				GCC_C_LANGUAGE_STANDARD = gnu11;
				GCC_NO_COMMON_BLOCKS = YES;
				GCC_WARN_64_TO_32_BIT_CONVERSION = YES;
				GCC_WARN_ABOUT_RETURN_TYPE = YES_ERROR;
				GCC_WARN_UNDECLARED_SELECTOR = YES;
				GCC_WARN_UNINITIALIZED_AUTOS = YES_AGGRESSIVE;
				GCC_WARN_UNUSED_FUNCTION = YES;
				GCC_WARN_UNUSED_VARIABLE = YES;
				IPHONEOS_DEPLOYMENT_TARGET = 13.5;
				MTL_ENABLE_DEBUG_INFO = NO;
				MTL_FAST_MATH = YES;
				SDKROOT = iphoneos;
				SWIFT_COMPILATION_MODE = wholemodule;
				SWIFT_OPTIMIZATION_LEVEL = "-O";
				VALIDATE_PRODUCT = YES;
			};
			name = Release;
		};
		AB895A17248A1DBB009D6B0C /* Debug */ = {
			isa = XCBuildConfiguration;
			baseConfigurationReference = 2C814E57140746F4668D6C80 /* Pods-Counter-Prac.debug.xcconfig */;
			buildSettings = {
				ASSETCATALOG_COMPILER_APPICON_NAME = AppIcon;
				CODE_SIGN_STYLE = Automatic;
				DEVELOPMENT_TEAM = SYZM4D2Z3D;
				INFOPLIST_FILE = "Counter-Prac/Info.plist";
				LD_RUNPATH_SEARCH_PATHS = (
					"$(inherited)",
					"@executable_path/Frameworks",
				);
				PRODUCT_BUNDLE_IDENTIFIER = "swmaestro10th.Counter-Prac";
				PRODUCT_NAME = "$(TARGET_NAME)";
				SWIFT_VERSION = 5.0;
				TARGETED_DEVICE_FAMILY = "1,2";
			};
			name = Debug;
		};
		AB895A18248A1DBB009D6B0C /* Release */ = {
			isa = XCBuildConfiguration;
			baseConfigurationReference = 1BEBFCCFBF4F4DCD70CC2C10 /* Pods-Counter-Prac.release.xcconfig */;
			buildSettings = {
				ASSETCATALOG_COMPILER_APPICON_NAME = AppIcon;
				CODE_SIGN_STYLE = Automatic;
				DEVELOPMENT_TEAM = SYZM4D2Z3D;
				INFOPLIST_FILE = "Counter-Prac/Info.plist";
				LD_RUNPATH_SEARCH_PATHS = (
					"$(inherited)",
					"@executable_path/Frameworks",
				);
				PRODUCT_BUNDLE_IDENTIFIER = "swmaestro10th.Counter-Prac";
				PRODUCT_NAME = "$(TARGET_NAME)";
				SWIFT_VERSION = 5.0;
				TARGETED_DEVICE_FAMILY = "1,2";
			};
			name = Release;
		};
/* End XCBuildConfiguration section */

/* Begin XCConfigurationList section */
		AB8959FD248A1DBA009D6B0C /* Build configuration list for PBXProject "Counter-Prac" */ = {
			isa = XCConfigurationList;
			buildConfigurations = (
				AB895A14248A1DBB009D6B0C /* Debug */,
				AB895A15248A1DBB009D6B0C /* Release */,
			);
			defaultConfigurationIsVisible = 0;
			defaultConfigurationName = Release;
		};
		AB895A16248A1DBB009D6B0C /* Build configuration list for PBXNativeTarget "Counter-Prac" */ = {
			isa = XCConfigurationList;
			buildConfigurations = (
				AB895A17248A1DBB009D6B0C /* Debug */,
				AB895A18248A1DBB009D6B0C /* Release */,
			);
			defaultConfigurationIsVisible = 0;
			defaultConfigurationName = Release;
		};
/* End XCConfigurationList section */
	};
	rootObject = AB8959FA248A1DBA009D6B0C /* Project object */;
}
